// !$*UTF8*$!
{
	archiveVersion = 1;
	classes = {
	};
	objectVersion = 46;
	objects = {

/* Begin PBXBuildFile section */
		28BD8D191BD8C0D80012DB7F /* MapViewController.swift in Sources */ = {isa = PBXBuildFile; fileRef = 28BD8D181BD8C0D80012DB7F /* MapViewController.swift */; };
		660B404A1BD84EB600CCC073 /* Bolts.framework in Frameworks */ = {isa = PBXBuildFile; fileRef = 660B40481BD84EB600CCC073 /* Bolts.framework */; };
		660B404B1BD84EB600CCC073 /* Parse.framework in Frameworks */ = {isa = PBXBuildFile; fileRef = 660B40491BD84EB600CCC073 /* Parse.framework */; };
		6622A73B1BC90F33002B673A /* AppDelegate.swift in Sources */ = {isa = PBXBuildFile; fileRef = 6622A73A1BC90F33002B673A /* AppDelegate.swift */; };
		6622A7401BC90F33002B673A /* Main.storyboard in Resources */ = {isa = PBXBuildFile; fileRef = 6622A73E1BC90F33002B673A /* Main.storyboard */; };
		6622A7421BC90F33002B673A /* Assets.xcassets in Resources */ = {isa = PBXBuildFile; fileRef = 6622A7411BC90F33002B673A /* Assets.xcassets */; };
		6622A7451BC90F33002B673A /* LaunchScreen.storyboard in Resources */ = {isa = PBXBuildFile; fileRef = 6622A7431BC90F33002B673A /* LaunchScreen.storyboard */; };
		6622A7521BC915BC002B673A /* AudioToolbox.framework in Frameworks */ = {isa = PBXBuildFile; fileRef = 6622A7511BC915BC002B673A /* AudioToolbox.framework */; };
		6622A7541BC915CE002B673A /* CFNetwork.framework in Frameworks */ = {isa = PBXBuildFile; fileRef = 6622A7531BC915CE002B673A /* CFNetwork.framework */; };
		6622A7561BC915D6002B673A /* CoreGraphics.framework in Frameworks */ = {isa = PBXBuildFile; fileRef = 6622A7551BC915D6002B673A /* CoreGraphics.framework */; };
		6622A7581BC915DF002B673A /* CoreLocation.framework in Frameworks */ = {isa = PBXBuildFile; fileRef = 6622A7571BC915DF002B673A /* CoreLocation.framework */; };
		6622A75A1BC915E8002B673A /* QuartzCore.framework in Frameworks */ = {isa = PBXBuildFile; fileRef = 6622A7591BC915E8002B673A /* QuartzCore.framework */; };
		6622A75C1BC915EF002B673A /* Security.framework in Frameworks */ = {isa = PBXBuildFile; fileRef = 6622A75B1BC915EF002B673A /* Security.framework */; };
		6622A7601BC915FE002B673A /* SystemConfiguration.framework in Frameworks */ = {isa = PBXBuildFile; fileRef = 6622A75F1BC915FE002B673A /* SystemConfiguration.framework */; };
		6622A7621BC9162C002B673A /* libsqlite3.tbd in Frameworks */ = {isa = PBXBuildFile; fileRef = 6622A7611BC9162C002B673A /* libsqlite3.tbd */; };
		6622A7641BC91633002B673A /* libz.tbd in Frameworks */ = {isa = PBXBuildFile; fileRef = 6622A7631BC91633002B673A /* libz.tbd */; };
		6622A7661BC9189B002B673A /* AnnouncementsTableViewController.swift in Sources */ = {isa = PBXBuildFile; fileRef = 6622A7651BC9189B002B673A /* AnnouncementsTableViewController.swift */; };
		666441551BCCE9F40065F0FA /* EventTableViewCell.swift in Sources */ = {isa = PBXBuildFile; fileRef = 666441541BCCE9F40065F0FA /* EventTableViewCell.swift */; };
		666441571BCCEA100065F0FA /* EventsTableViewController.swift in Sources */ = {isa = PBXBuildFile; fileRef = 666441561BCCEA100065F0FA /* EventsTableViewController.swift */; };
		668D75801BCB709500914A72 /* AnnouncementTableViewCell.swift in Sources */ = {isa = PBXBuildFile; fileRef = 668D757F1BCB709500914A72 /* AnnouncementTableViewCell.swift */; };
		668DEFC41BD60B2100BBEEFD /* NSDateExtension.swift in Sources */ = {isa = PBXBuildFile; fileRef = 668DEFC31BD60B2100BBEEFD /* NSDateExtension.swift */; };
		668DEFCB1BD61FE600BBEEFD /* CommunityTableViewController.swift in Sources */ = {isa = PBXBuildFile; fileRef = 668DEFC91BD61FE600BBEEFD /* CommunityTableViewController.swift */; };
		668DEFCC1BD61FE600BBEEFD /* CommunityTableViewCell.swift in Sources */ = {isa = PBXBuildFile; fileRef = 668DEFCA1BD61FE600BBEEFD /* CommunityTableViewCell.swift */; };
		66DC19C91BD21F1800D93CF2 /* EventsTableViewCustomHeaderCell.swift in Sources */ = {isa = PBXBuildFile; fileRef = 66DC19C81BD21F1800D93CF2 /* EventsTableViewCustomHeaderCell.swift */; };
/* End PBXBuildFile section */

/* Begin PBXFileReference section */
		28BD8D181BD8C0D80012DB7F /* MapViewController.swift */ = {isa = PBXFileReference; fileEncoding = 4; lastKnownFileType = sourcecode.swift; path = MapViewController.swift; sourceTree = "<group>"; };
		660B40481BD84EB600CCC073 /* Bolts.framework */ = {isa = PBXFileReference; lastKnownFileType = wrapper.framework; path = Bolts.framework; sourceTree = "<group>"; };
		660B40491BD84EB600CCC073 /* Parse.framework */ = {isa = PBXFileReference; lastKnownFileType = wrapper.framework; path = Parse.framework; sourceTree = "<group>"; };
		6622A7371BC90F33002B673A /* Boston Hacks.app */ = {isa = PBXFileReference; explicitFileType = wrapper.application; includeInIndex = 0; path = "Boston Hacks.app"; sourceTree = BUILT_PRODUCTS_DIR; };
		6622A73A1BC90F33002B673A /* AppDelegate.swift */ = {isa = PBXFileReference; lastKnownFileType = sourcecode.swift; path = AppDelegate.swift; sourceTree = "<group>"; };
		6622A73F1BC90F33002B673A /* Base */ = {isa = PBXFileReference; lastKnownFileType = file.storyboard; name = Base; path = Base.lproj/Main.storyboard; sourceTree = "<group>"; };
		6622A7411BC90F33002B673A /* Assets.xcassets */ = {isa = PBXFileReference; lastKnownFileType = folder.assetcatalog; path = Assets.xcassets; sourceTree = "<group>"; };
		6622A7441BC90F33002B673A /* Base */ = {isa = PBXFileReference; lastKnownFileType = file.storyboard; name = Base; path = Base.lproj/LaunchScreen.storyboard; sourceTree = "<group>"; };
		6622A7461BC90F33002B673A /* Info.plist */ = {isa = PBXFileReference; lastKnownFileType = text.plist.xml; path = Info.plist; sourceTree = "<group>"; };
		6622A7511BC915BC002B673A /* AudioToolbox.framework */ = {isa = PBXFileReference; lastKnownFileType = wrapper.framework; name = AudioToolbox.framework; path = System/Library/Frameworks/AudioToolbox.framework; sourceTree = SDKROOT; };
		6622A7531BC915CE002B673A /* CFNetwork.framework */ = {isa = PBXFileReference; lastKnownFileType = wrapper.framework; name = CFNetwork.framework; path = System/Library/Frameworks/CFNetwork.framework; sourceTree = SDKROOT; };
		6622A7551BC915D6002B673A /* CoreGraphics.framework */ = {isa = PBXFileReference; lastKnownFileType = wrapper.framework; name = CoreGraphics.framework; path = System/Library/Frameworks/CoreGraphics.framework; sourceTree = SDKROOT; };
		6622A7571BC915DF002B673A /* CoreLocation.framework */ = {isa = PBXFileReference; lastKnownFileType = wrapper.framework; name = CoreLocation.framework; path = System/Library/Frameworks/CoreLocation.framework; sourceTree = SDKROOT; };
		6622A7591BC915E8002B673A /* QuartzCore.framework */ = {isa = PBXFileReference; lastKnownFileType = wrapper.framework; name = QuartzCore.framework; path = System/Library/Frameworks/QuartzCore.framework; sourceTree = SDKROOT; };
		6622A75B1BC915EF002B673A /* Security.framework */ = {isa = PBXFileReference; lastKnownFileType = wrapper.framework; name = Security.framework; path = System/Library/Frameworks/Security.framework; sourceTree = SDKROOT; };
		6622A75F1BC915FE002B673A /* SystemConfiguration.framework */ = {isa = PBXFileReference; lastKnownFileType = wrapper.framework; name = SystemConfiguration.framework; path = System/Library/Frameworks/SystemConfiguration.framework; sourceTree = SDKROOT; };
		6622A7611BC9162C002B673A /* libsqlite3.tbd */ = {isa = PBXFileReference; lastKnownFileType = "sourcecode.text-based-dylib-definition"; name = libsqlite3.tbd; path = usr/lib/libsqlite3.tbd; sourceTree = SDKROOT; };
		6622A7631BC91633002B673A /* libz.tbd */ = {isa = PBXFileReference; lastKnownFileType = "sourcecode.text-based-dylib-definition"; name = libz.tbd; path = usr/lib/libz.tbd; sourceTree = SDKROOT; };
		6622A7651BC9189B002B673A /* AnnouncementsTableViewController.swift */ = {isa = PBXFileReference; fileEncoding = 4; lastKnownFileType = sourcecode.swift; path = AnnouncementsTableViewController.swift; sourceTree = "<group>"; };
		666441541BCCE9F40065F0FA /* EventTableViewCell.swift */ = {isa = PBXFileReference; fileEncoding = 4; lastKnownFileType = sourcecode.swift; path = EventTableViewCell.swift; sourceTree = "<group>"; };
		666441561BCCEA100065F0FA /* EventsTableViewController.swift */ = {isa = PBXFileReference; fileEncoding = 4; lastKnownFileType = sourcecode.swift; path = EventsTableViewController.swift; sourceTree = "<group>"; };
		668D757F1BCB709500914A72 /* AnnouncementTableViewCell.swift */ = {isa = PBXFileReference; fileEncoding = 4; lastKnownFileType = sourcecode.swift; path = AnnouncementTableViewCell.swift; sourceTree = "<group>"; };
		668DEFC31BD60B2100BBEEFD /* NSDateExtension.swift */ = {isa = PBXFileReference; fileEncoding = 4; lastKnownFileType = sourcecode.swift; path = NSDateExtension.swift; sourceTree = "<group>"; };
		668DEFC91BD61FE600BBEEFD /* CommunityTableViewController.swift */ = {isa = PBXFileReference; fileEncoding = 4; lastKnownFileType = sourcecode.swift; path = CommunityTableViewController.swift; sourceTree = "<group>"; };
		668DEFCA1BD61FE600BBEEFD /* CommunityTableViewCell.swift */ = {isa = PBXFileReference; fileEncoding = 4; lastKnownFileType = sourcecode.swift; path = CommunityTableViewCell.swift; sourceTree = "<group>"; };
		66DC19C81BD21F1800D93CF2 /* EventsTableViewCustomHeaderCell.swift */ = {isa = PBXFileReference; fileEncoding = 4; lastKnownFileType = sourcecode.swift; path = EventsTableViewCustomHeaderCell.swift; sourceTree = "<group>"; };
/* End PBXFileReference section */

/* Begin PBXFrameworksBuildPhase section */
		6622A7341BC90F33002B673A /* Frameworks */ = {
			isa = PBXFrameworksBuildPhase;
			buildActionMask = 2147483647;
			files = (
				6622A7641BC91633002B673A /* libz.tbd in Frameworks */,
				6622A7621BC9162C002B673A /* libsqlite3.tbd in Frameworks */,
				6622A7601BC915FE002B673A /* SystemConfiguration.framework in Frameworks */,
				6622A75C1BC915EF002B673A /* Security.framework in Frameworks */,
				6622A75A1BC915E8002B673A /* QuartzCore.framework in Frameworks */,
				6622A7581BC915DF002B673A /* CoreLocation.framework in Frameworks */,
				6622A7561BC915D6002B673A /* CoreGraphics.framework in Frameworks */,
				660B404A1BD84EB600CCC073 /* Bolts.framework in Frameworks */,
				6622A7541BC915CE002B673A /* CFNetwork.framework in Frameworks */,
				660B404B1BD84EB600CCC073 /* Parse.framework in Frameworks */,
				6622A7521BC915BC002B673A /* AudioToolbox.framework in Frameworks */,
			);
			runOnlyForDeploymentPostprocessing = 0;
		};
/* End PBXFrameworksBuildPhase section */

/* Begin PBXGroup section */
		28055A331BD8927B004119C2 /* Controllers */ = {
			isa = PBXGroup;
			children = (
				6622A7651BC9189B002B673A /* AnnouncementsTableViewController.swift */,
				666441561BCCEA100065F0FA /* EventsTableViewController.swift */,
				28BD8D181BD8C0D80012DB7F /* MapViewController.swift */,
				668DEFC91BD61FE600BBEEFD /* CommunityTableViewController.swift */,
			);
			name = Controllers;
			sourceTree = "<group>";
		};
		28055A341BD89282004119C2 /* Views */ = {
			isa = PBXGroup;
			children = (
				66DC19C81BD21F1800D93CF2 /* EventsTableViewCustomHeaderCell.swift */,
				668D757F1BCB709500914A72 /* AnnouncementTableViewCell.swift */,
				666441541BCCE9F40065F0FA /* EventTableViewCell.swift */,
				668DEFCA1BD61FE600BBEEFD /* CommunityTableViewCell.swift */,
			);
			name = Views;
			sourceTree = "<group>";
		};
		28055A351BD89286004119C2 /* Models */ = {
			isa = PBXGroup;
			children = (
				6622A73A1BC90F33002B673A /* AppDelegate.swift */,
			);
			name = Models;
			sourceTree = "<group>";
		};
		28055A361BD8928C004119C2 /* XIBs */ = {
			isa = PBXGroup;
			children = (
				6622A73E1BC90F33002B673A /* Main.storyboard */,
				6622A7431BC90F33002B673A /* LaunchScreen.storyboard */,
			);
			name = XIBs;
			sourceTree = "<group>";
		};
		28055A371BD89295004119C2 /* Extensions */ = {
			isa = PBXGroup;
			children = (
				668DEFC31BD60B2100BBEEFD /* NSDateExtension.swift */,
			);
			name = Extensions;
			sourceTree = "<group>";
		};
		28055A381BD8929C004119C2 /* Assets */ = {
			isa = PBXGroup;
			children = (
				6622A7411BC90F33002B673A /* Assets.xcassets */,
				6622A7461BC90F33002B673A /* Info.plist */,
			);
			name = Assets;
			sourceTree = "<group>";
		};
		6622A72E1BC90F33002B673A = {
			isa = PBXGroup;
			children = (
				6622A7391BC90F33002B673A /* Boston Hacks */,
				6622A7381BC90F33002B673A /* Products */,
			);
			sourceTree = "<group>";
		};
		6622A7381BC90F33002B673A /* Products */ = {
			isa = PBXGroup;
			children = (
				6622A7371BC90F33002B673A /* Boston Hacks.app */,
			);
			name = Products;
			sourceTree = "<group>";
		};
		6622A7391BC90F33002B673A /* Boston Hacks */ = {
			isa = PBXGroup;
			children = (
				28055A361BD8928C004119C2 /* XIBs */,
				28055A351BD89286004119C2 /* Models */,
				28055A341BD89282004119C2 /* Views */,
				28055A331BD8927B004119C2 /* Controllers */,
				28055A381BD8929C004119C2 /* Assets */,
				28055A371BD89295004119C2 /* Extensions */,
				6622A7501BC914B8002B673A /* Frameworks */,
			);
			path = "Boston Hacks";
			sourceTree = "<group>";
		};
		6622A7501BC914B8002B673A /* Frameworks */ = {
			isa = PBXGroup;
			children = (
				660B40481BD84EB600CCC073 /* Bolts.framework */,
				660B40491BD84EB600CCC073 /* Parse.framework */,
				6622A7631BC91633002B673A /* libz.tbd */,
				6622A7611BC9162C002B673A /* libsqlite3.tbd */,
				6622A75F1BC915FE002B673A /* SystemConfiguration.framework */,
				6622A75B1BC915EF002B673A /* Security.framework */,
				6622A7591BC915E8002B673A /* QuartzCore.framework */,
				6622A7571BC915DF002B673A /* CoreLocation.framework */,
				6622A7551BC915D6002B673A /* CoreGraphics.framework */,
				6622A7531BC915CE002B673A /* CFNetwork.framework */,
				6622A7511BC915BC002B673A /* AudioToolbox.framework */,
			);
			name = Frameworks;
			sourceTree = "<group>";
		};
/* End PBXGroup section */

/* Begin PBXNativeTarget section */
		6622A7361BC90F33002B673A /* Boston Hacks */ = {
			isa = PBXNativeTarget;
			buildConfigurationList = 6622A7491BC90F33002B673A /* Build configuration list for PBXNativeTarget "Boston Hacks" */;
			buildPhases = (
				6622A7331BC90F33002B673A /* Sources */,
				6622A7341BC90F33002B673A /* Frameworks */,
				6622A7351BC90F33002B673A /* Resources */,
			);
			buildRules = (
			);
			dependencies = (
			);
			name = "Boston Hacks";
			productName = "Boston Hacks";
			productReference = 6622A7371BC90F33002B673A /* Boston Hacks.app */;
			productType = "com.apple.product-type.application";
		};
/* End PBXNativeTarget section */

/* Begin PBXProject section */
		6622A72F1BC90F33002B673A /* Project object */ = {
			isa = PBXProject;
			attributes = {
				LastUpgradeCheck = 0700;
				ORGANIZATIONNAME = "Ivan Uvarov";
				TargetAttributes = {
					6622A7361BC90F33002B673A = {
						CreatedOnToolsVersion = 7.0.1;
						DevelopmentTeam = T36V9EZTBX;
						SystemCapabilities = {
							com.apple.BackgroundModes = {
								enabled = 1;
							};
							com.apple.InAppPurchase = {
								enabled = 0;
							};
							com.apple.Push = {
								enabled = 1;
							};
						};
					};
				};
			};
			buildConfigurationList = 6622A7321BC90F33002B673A /* Build configuration list for PBXProject "Boston Hacks" */;
			compatibilityVersion = "Xcode 3.2";
			developmentRegion = English;
			hasScannedForEncodings = 0;
			knownRegions = (
				en,
				Base,
			);
			mainGroup = 6622A72E1BC90F33002B673A;
			productRefGroup = 6622A7381BC90F33002B673A /* Products */;
			projectDirPath = "";
			projectRoot = "";
			targets = (
				6622A7361BC90F33002B673A /* Boston Hacks */,
			);
		};
/* End PBXProject section */

/* Begin PBXResourcesBuildPhase section */
		6622A7351BC90F33002B673A /* Resources */ = {
			isa = PBXResourcesBuildPhase;
			buildActionMask = 2147483647;
			files = (
				6622A7451BC90F33002B673A /* LaunchScreen.storyboard in Resources */,
				6622A7421BC90F33002B673A /* Assets.xcassets in Resources */,
				6622A7401BC90F33002B673A /* Main.storyboard in Resources */,
			);
			runOnlyForDeploymentPostprocessing = 0;
		};
/* End PBXResourcesBuildPhase section */

/* Begin PBXSourcesBuildPhase section */
		6622A7331BC90F33002B673A /* Sources */ = {
			isa = PBXSourcesBuildPhase;
			buildActionMask = 2147483647;
			files = (
				666441551BCCE9F40065F0FA /* EventTableViewCell.swift in Sources */,
				6622A7661BC9189B002B673A /* AnnouncementsTableViewController.swift in Sources */,
				668DEFC41BD60B2100BBEEFD /* NSDateExtension.swift in Sources */,
				28BD8D191BD8C0D80012DB7F /* MapViewController.swift in Sources */,
				66DC19C91BD21F1800D93CF2 /* EventsTableViewCustomHeaderCell.swift in Sources */,
				6622A73B1BC90F33002B673A /* AppDelegate.swift in Sources */,
				668DEFCB1BD61FE600BBEEFD /* CommunityTableViewController.swift in Sources */,
				668DEFCC1BD61FE600BBEEFD /* CommunityTableViewCell.swift in Sources */,
				666441571BCCEA100065F0FA /* EventsTableViewController.swift in Sources */,
				668D75801BCB709500914A72 /* AnnouncementTableViewCell.swift in Sources */,
			);
			runOnlyForDeploymentPostprocessing = 0;
		};
/* End PBXSourcesBuildPhase section */

/* Begin PBXVariantGroup section */
		6622A73E1BC90F33002B673A /* Main.storyboard */ = {
			isa = PBXVariantGroup;
			children = (
				6622A73F1BC90F33002B673A /* Base */,
			);
			name = Main.storyboard;
			sourceTree = "<group>";
		};
		6622A7431BC90F33002B673A /* LaunchScreen.storyboard */ = {
			isa = PBXVariantGroup;
			children = (
				6622A7441BC90F33002B673A /* Base */,
			);
			name = LaunchScreen.storyboard;
			sourceTree = "<group>";
		};
/* End PBXVariantGroup section */

/* Begin XCBuildConfiguration section */
		6622A7471BC90F33002B673A /* Debug */ = {
			isa = XCBuildConfiguration;
			buildSettings = {
				ALWAYS_SEARCH_USER_PATHS = NO;
				CLANG_CXX_LANGUAGE_STANDARD = "gnu++0x";
				CLANG_CXX_LIBRARY = "libc++";
				CLANG_ENABLE_MODULES = YES;
				CLANG_ENABLE_OBJC_ARC = YES;
				CLANG_WARN_BOOL_CONVERSION = YES;
				CLANG_WARN_CONSTANT_CONVERSION = YES;
				CLANG_WARN_DIRECT_OBJC_ISA_USAGE = YES_ERROR;
				CLANG_WARN_EMPTY_BODY = YES;
				CLANG_WARN_ENUM_CONVERSION = YES;
				CLANG_WARN_INT_CONVERSION = YES;
				CLANG_WARN_OBJC_ROOT_CLASS = YES_ERROR;
				CLANG_WARN_UNREACHABLE_CODE = YES;
				CLANG_WARN__DUPLICATE_METHOD_MATCH = YES;
				CODE_SIGN_IDENTITY = "iPhone Distribution: Ivan Uvarov (T36V9EZTBX)";
				"CODE_SIGN_IDENTITY[sdk=iphoneos*]" = "iPhone Distribution: Ivan Uvarov (T36V9EZTBX)";
				COPY_PHASE_STRIP = NO;
				DEBUG_INFORMATION_FORMAT = dwarf;
				ENABLE_STRICT_OBJC_MSGSEND = YES;
				ENABLE_TESTABILITY = YES;
				GCC_C_LANGUAGE_STANDARD = gnu99;
				GCC_DYNAMIC_NO_PIC = NO;
				GCC_NO_COMMON_BLOCKS = YES;
				GCC_OPTIMIZATION_LEVEL = 0;
				GCC_PREPROCESSOR_DEFINITIONS = (
					"DEBUG=1",
					"$(inherited)",
				);
				GCC_WARN_64_TO_32_BIT_CONVERSION = YES;
				GCC_WARN_ABOUT_RETURN_TYPE = YES_ERROR;
				GCC_WARN_UNDECLARED_SELECTOR = YES;
				GCC_WARN_UNINITIALIZED_AUTOS = YES_AGGRESSIVE;
				GCC_WARN_UNUSED_FUNCTION = YES;
				GCC_WARN_UNUSED_VARIABLE = YES;
				IPHONEOS_DEPLOYMENT_TARGET = 9.0;
				MTL_ENABLE_DEBUG_INFO = YES;
				ONLY_ACTIVE_ARCH = YES;
				PROVISIONING_PROFILE = "d28d9e2e-62b2-4cf7-abd6-c20521ab5bd2";
				SDKROOT = iphoneos;
				SWIFT_OPTIMIZATION_LEVEL = "-Onone";
			};
			name = Debug;
		};
		6622A7481BC90F33002B673A /* Release */ = {
			isa = XCBuildConfiguration;
			buildSettings = {
				ALWAYS_SEARCH_USER_PATHS = NO;
				CLANG_CXX_LANGUAGE_STANDARD = "gnu++0x";
				CLANG_CXX_LIBRARY = "libc++";
				CLANG_ENABLE_MODULES = YES;
				CLANG_ENABLE_OBJC_ARC = YES;
				CLANG_WARN_BOOL_CONVERSION = YES;
				CLANG_WARN_CONSTANT_CONVERSION = YES;
				CLANG_WARN_DIRECT_OBJC_ISA_USAGE = YES_ERROR;
				CLANG_WARN_EMPTY_BODY = YES;
				CLANG_WARN_ENUM_CONVERSION = YES;
				CLANG_WARN_INT_CONVERSION = YES;
				CLANG_WARN_OBJC_ROOT_CLASS = YES_ERROR;
				CLANG_WARN_UNREACHABLE_CODE = YES;
				CLANG_WARN__DUPLICATE_METHOD_MATCH = YES;
				CODE_SIGN_IDENTITY = "iPhone Distribution: Ivan Uvarov (T36V9EZTBX)";
				"CODE_SIGN_IDENTITY[sdk=iphoneos*]" = "iPhone Distribution: Ivan Uvarov (T36V9EZTBX)";
				COPY_PHASE_STRIP = NO;
				DEBUG_INFORMATION_FORMAT = "dwarf-with-dsym";
				ENABLE_NS_ASSERTIONS = NO;
				ENABLE_STRICT_OBJC_MSGSEND = YES;
				GCC_C_LANGUAGE_STANDARD = gnu99;
				GCC_NO_COMMON_BLOCKS = YES;
				GCC_WARN_64_TO_32_BIT_CONVERSION = YES;
				GCC_WARN_ABOUT_RETURN_TYPE = YES_ERROR;
				GCC_WARN_UNDECLARED_SELECTOR = YES;
				GCC_WARN_UNINITIALIZED_AUTOS = YES_AGGRESSIVE;
				GCC_WARN_UNUSED_FUNCTION = YES;
				GCC_WARN_UNUSED_VARIABLE = YES;
				IPHONEOS_DEPLOYMENT_TARGET = 9.0;
				MTL_ENABLE_DEBUG_INFO = NO;
				PROVISIONING_PROFILE = "d28d9e2e-62b2-4cf7-abd6-c20521ab5bd2";
				SDKROOT = iphoneos;
				VALIDATE_PRODUCT = YES;
			};
			name = Release;
		};
		6622A74A1BC90F33002B673A /* Debug */ = {
			isa = XCBuildConfiguration;
			buildSettings = {
				ASSETCATALOG_COMPILER_APPICON_NAME = AppIcon;
				CODE_SIGN_IDENTITY = "iPhone Distribution: Ivan Uvarov (T36V9EZTBX)";
				"CODE_SIGN_IDENTITY[sdk=iphoneos*]" = "iPhone Distribution: Ivan Uvarov (T36V9EZTBX)";
				FRAMEWORK_SEARCH_PATHS = (
					"$(inherited)",
					"$(PROJECT_DIR)/**",
				);
				INFOPLIST_FILE = "Boston Hacks/Info.plist";
				IPHONEOS_DEPLOYMENT_TARGET = 8.0;
				LD_RUNPATH_SEARCH_PATHS = "$(inherited) @executable_path/Frameworks";
				PRODUCT_BUNDLE_IDENTIFIER = "io.ivn.Boston-Hacks";
				PRODUCT_NAME = "Boston Hacks";
				PROVISIONING_PROFILE = "d28d9e2e-62b2-4cf7-abd6-c20521ab5bd2";
			};
			name = Debug;
		};
		6622A74B1BC90F33002B673A /* Release */ = {
			isa = XCBuildConfiguration;
			buildSettings = {
				ASSETCATALOG_COMPILER_APPICON_NAME = AppIcon;
				CODE_SIGN_IDENTITY = "iPhone Distribution: Ivan Uvarov (T36V9EZTBX)";
				"CODE_SIGN_IDENTITY[sdk=iphoneos*]" = "iPhone Distribution: Ivan Uvarov (T36V9EZTBX)";
				FRAMEWORK_SEARCH_PATHS = (
					"$(inherited)",
					"$(PROJECT_DIR)/**",
				);
				INFOPLIST_FILE = "Boston Hacks/Info.plist";
				IPHONEOS_DEPLOYMENT_TARGET = 8.0;
				LD_RUNPATH_SEARCH_PATHS = "$(inherited) @executable_path/Frameworks";
				PRODUCT_BUNDLE_IDENTIFIER = "io.ivn.Boston-Hacks";
				PRODUCT_NAME = "Boston Hacks";
				PROVISIONING_PROFILE = "d28d9e2e-62b2-4cf7-abd6-c20521ab5bd2";
			};
			name = Release;
		};
/* End XCBuildConfiguration section */

/* Begin XCConfigurationList section */
		6622A7321BC90F33002B673A /* Build configuration list for PBXProject "Boston Hacks" */ = {
			isa = XCConfigurationList;
			buildConfigurations = (
				6622A7471BC90F33002B673A /* Debug */,
				6622A7481BC90F33002B673A /* Release */,
			);
			defaultConfigurationIsVisible = 0;
			defaultConfigurationName = Release;
		};
		6622A7491BC90F33002B673A /* Build configuration list for PBXNativeTarget "Boston Hacks" */ = {
			isa = XCConfigurationList;
			buildConfigurations = (
				6622A74A1BC90F33002B673A /* Debug */,
				6622A74B1BC90F33002B673A /* Release */,
			);
			defaultConfigurationIsVisible = 0;
			defaultConfigurationName = Release;
		};
/* End XCConfigurationList section */
	};
	rootObject = 6622A72F1BC90F33002B673A /* Project object */;
}
